
Microsoft Visual Studio Solution File, Format Version 9.00
# Visual Studio 2005
Project("{F184B08F-C81C-45F6-A57F-5ABD9991F28F}") = "WindowsApplication1", "WindowsApplication1.vbproj", "{84D22D47-06B3-401A-BFA9-DBE031645427}"
EndProject
Project("{54435603-DBB4-11D2-8724-00A0C9A8B90C}") = "SetupComparisonTable", "..\SetupComparisonTable\SetupComparisonTable.vdproj", "{6ACCCE17-58BD-40F8-8BA5-38B58F20930A}"
EndProject
Global
	GlobalSection(SolutionConfigurationPlatforms) = preSolution
		Debug|Any CPU = Debug|Any CPU
		Release|Any CPU = Release|Any CPU
	EndGlobalSection
	GlobalSection(ProjectConfigurationPlatforms) = postSolution
		{84D22D47-06B3-401A-BFA9-DBE031645427}.Debug|Any CPU.ActiveCfg = Debug|Any CPU
		{84D22D47-06B3-401A-BFA9-DBE031645427}.Debug|Any CPU.Build.0 = Debug|Any CPU
		{84D22D47-06B3-401A-BFA9-DBE031645427}.Release|Any CPU.ActiveCfg = Release|Any CPU
		{84D22D47-06B3-401A-BFA9-DBE031645427}.Release|Any CPU.Build.0 = Release|Any CPU
		{6ACCCE17-58BD-40F8-8BA5-38B58F20930A}.Debug|Any CPU.ActiveCfg = Debug
		{6ACCCE17-58BD-40F8-8BA5-38B58F20930A}.Release|Any CPU.ActiveCfg = Release
	EndGlobalSection
	GlobalSection(SolutionProperties) = preSolution
		HideSolutionNode = FALSE
	EndGlobalSection
EndGlobal
